
Microsoft Visual Studio Solution File, Format Version 12.00
# Visual Studio Version 17
VisualStudioVersion = 17.11.35219.272
MinimumVisualStudioVersion = 10.0.40219.1
Project("{FAE04EC0-301F-11D3-BF4B-00C04F79EFBC}") = "CPPToCSharpDemos", "CPPToCSharpDemos\CPPToCSharpDemos.csproj", "{B20540C5-25D0-463A-8941-84BD69558A3B}"
EndProject
Global
	GlobalSection(SolutionConfigurationPlatforms) = preSolution
		Debug|Any CPU = Debug|Any CPU
		Release|Any CPU = Release|Any CPU
	EndGlobalSection
	GlobalSection(ProjectConfigurationPlatforms) = postSolution
		{B20540C5-25D0-463A-8941-84BD69558A3B}.Debug|Any CPU.ActiveCfg = Debug|Any CPU
		{B20540C5-25D0-463A-8941-84BD69558A3B}.Debug|Any CPU.Build.0 = Debug|Any CPU
		{B20540C5-25D0-463A-8941-84BD69558A3B}.Release|Any CPU.ActiveCfg = Release|Any CPU
		{B20540C5-25D0-463A-8941-84BD69558A3B}.Release|Any CPU.Build.0 = Release|Any CPU
	EndGlobalSection
	GlobalSection(SolutionProperties) = preSolution
		HideSolutionNode = FALSE
	EndGlobalSection
	GlobalSection(ExtensibilityGlobals) = postSolution
		SolutionGuid = {228EFA21-5001-49F4-AD89-35575CCCF756}
	EndGlobalSection
EndGlobal
